
Microsoft Visual Studio Solution File, Format Version 12.00
Project("{FAE04EC0-301F-11D3-BF4B-00C04F79EFBC}") = "cirque", "cirque.csproj", "{72FFF082-E70E-46E2-9FD1-764CEC8E25CD}"
EndProject
Global
	GlobalSection(SolutionConfigurationPlatforms) = preSolution
		Debug|Any CPU = Debug|Any CPU
		Release|Any CPU = Release|Any CPU
	EndGlobalSection
	GlobalSection(ProjectConfigurationPlatforms) = postSolution
		{72FFF082-E70E-46E2-9FD1-764CEC8E25CD}.Debug|Any CPU.ActiveCfg = Debug|Any CPU
		{72FFF082-E70E-46E2-9FD1-764CEC8E25CD}.Debug|Any CPU.Build.0 = Debug|Any CPU
		{72FFF082-E70E-46E2-9FD1-764CEC8E25CD}.Release|Any CPU.ActiveCfg = Release|Any CPU
		{72FFF082-E70E-46E2-9FD1-764CEC8E25CD}.Release|Any CPU.Build.0 = Release|Any CPU
	EndGlobalSection
EndGlobal
